
Microsoft Visual Studio Solution File, Format Version 12.00
# Visual Studio Version 17
VisualStudioVersion = 17.12.35707.178
MinimumVisualStudioVersion = 10.0.40219.1
Project("{8BC9CEB8-8B4A-11D0-8D11-00A0C91BC942}") = "ConsoleApp", "ConsoleApp\ConsoleApp.vcxproj", "{4E175C13-C5C6-45FA-B212-2C9AD5A42FED}"
EndProject
Project("{8BC9CEB8-8B4A-11D0-8D11-00A0C91BC942}") = "Editor", "Editor\Editor.vcxproj", "{36A1271A-24F7-407E-B6AA-1AA3CC2A78DB}"
EndProject
Project("{8BC9CEB8-8B4A-11D0-8D11-00A0C91BC942}") = "TournamentLib", "TournamentLib\TournamentLib.vcxproj", "{925305B0-A79B-4D52-922D-54059D3E2854}"
EndProject
Project("{8BC9CEB8-8B4A-11D0-8D11-00A0C91BC942}") = "Core", "Core\Core.vcxproj", "{F7890725-23EC-4259-A1CE-0554961CCAC4}"
EndProject
Global
	GlobalSection(SolutionConfigurationPlatforms) = preSolution
		Debug|x64 = Debug|x64
		Debug|x86 = Debug|x86
		Release|x64 = Release|x64
		Release|x86 = Release|x86
	EndGlobalSection
	GlobalSection(ProjectConfigurationPlatforms) = postSolution
		{4E175C13-C5C6-45FA-B212-2C9AD5A42FED}.Debug|x64.ActiveCfg = Debug|x64
		{4E175C13-C5C6-45FA-B212-2C9AD5A42FED}.Debug|x64.Build.0 = Debug|x64
		{4E175C13-C5C6-45FA-B212-2C9AD5A42FED}.Debug|x86.ActiveCfg = Debug|Win32
		{4E175C13-C5C6-45FA-B212-2C9AD5A42FED}.Debug|x86.Build.0 = Debug|Win32
		{4E175C13-C5C6-45FA-B212-2C9AD5A42FED}.Release|x64.ActiveCfg = Release|x64
		{4E175C13-C5C6-45FA-B212-2C9AD5A42FED}.Release|x64.Build.0 = Release|x64
		{4E175C13-C5C6-45FA-B212-2C9AD5A42FED}.Release|x86.ActiveCfg = Release|Win32
		{4E175C13-C5C6-45FA-B212-2C9AD5A42FED}.Release|x86.Build.0 = Release|Win32
		{36A1271A-24F7-407E-B6AA-1AA3CC2A78DB}.Debug|x64.ActiveCfg = Debug|x64
		{36A1271A-24F7-407E-B6AA-1AA3CC2A78DB}.Debug|x64.Build.0 = Debug|x64
		{36A1271A-24F7-407E-B6AA-1AA3CC2A78DB}.Debug|x86.ActiveCfg = Debug|Win32
		{36A1271A-24F7-407E-B6AA-1AA3CC2A78DB}.Debug|x86.Build.0 = Debug|Win32
		{36A1271A-24F7-407E-B6AA-1AA3CC2A78DB}.Release|x64.ActiveCfg = Release|x64
		{36A1271A-24F7-407E-B6AA-1AA3CC2A78DB}.Release|x64.Build.0 = Release|x64
		{36A1271A-24F7-407E-B6AA-1AA3CC2A78DB}.Release|x86.ActiveCfg = Release|Win32
		{36A1271A-24F7-407E-B6AA-1AA3CC2A78DB}.Release|x86.Build.0 = Release|Win32
		{925305B0-A79B-4D52-922D-54059D3E2854}.Debug|x64.ActiveCfg = Debug|x64
		{925305B0-A79B-4D52-922D-54059D3E2854}.Debug|x64.Build.0 = Debug|x64
		{925305B0-A79B-4D52-922D-54059D3E2854}.Debug|x86.ActiveCfg = Debug|Win32
		{925305B0-A79B-4D52-922D-54059D3E2854}.Debug|x86.Build.0 = Debug|Win32
		{925305B0-A79B-4D52-922D-54059D3E2854}.Release|x64.ActiveCfg = Release|x64
		{925305B0-A79B-4D52-922D-54059D3E2854}.Release|x64.Build.0 = Release|x64
		{925305B0-A79B-4D52-922D-54059D3E2854}.Release|x86.ActiveCfg = Release|Win32
		{925305B0-A79B-4D52-922D-54059D3E2854}.Release|x86.Build.0 = Release|Win32
		{F7890725-23EC-4259-A1CE-0554961CCAC4}.Debug|x64.ActiveCfg = Debug|x64
		{F7890725-23EC-4259-A1CE-0554961CCAC4}.Debug|x64.Build.0 = Debug|x64
		{F7890725-23EC-4259-A1CE-0554961CCAC4}.Debug|x86.ActiveCfg = Debug|Win32
		{F7890725-23EC-4259-A1CE-0554961CCAC4}.Debug|x86.Build.0 = Debug|Win32
		{F7890725-23EC-4259-A1CE-0554961CCAC4}.Release|x64.ActiveCfg = Release|x64
		{F7890725-23EC-4259-A1CE-0554961CCAC4}.Release|x64.Build.0 = Release|x64
		{F7890725-23EC-4259-A1CE-0554961CCAC4}.Release|x86.ActiveCfg = Release|Win32
		{F7890725-23EC-4259-A1CE-0554961CCAC4}.Release|x86.Build.0 = Release|Win32
	EndGlobalSection
	GlobalSection(SolutionProperties) = preSolution
		HideSolutionNode = FALSE
	EndGlobalSection
EndGlobal
